// !$*UTF8*$!
{
	archiveVersion = 1;
	classes = {
	};
	objectVersion = 46;
	objects = {

/* Begin PBXBuildFile section */
		336D5FA881B335AB448E1E39 /* libPods-DT.a in Frameworks */ = {isa = PBXBuildFile; fileRef = 6FEABAF8ADADB44E191F415A /* libPods-DT.a */; };
		502D0D042029E40A00DA66BC /* AppDelegate.m in Sources */ = {isa = PBXBuildFile; fileRef = 502D0D032029E40A00DA66BC /* AppDelegate.m */; };
		50692763212EEAC800D9F800 /* DrawViewController.m in Sources */ = {isa = PBXBuildFile; fileRef = 50692762212EEAC800D9F800 /* DrawViewController.m */; };
		50692767212EEB4F00D9F800 /* DrwaView.m in Sources */ = {isa = PBXBuildFile; fileRef = 50692766212EEB4F00D9F800 /* DrwaView.m */; };
		50868B63205C062600C2F881 /* TextModel.m in Sources */ = {isa = PBXBuildFile; fileRef = 50868B5E205C062600C2F881 /* TextModel.m */; };
		50868B64205C062600C2F881 /* TestViewController.m in Sources */ = {isa = PBXBuildFile; fileRef = 50868B62205C062600C2F881 /* TestViewController.m */; };
		50868B6B205C06DE00C2F881 /* TestThreadViewController.m in Sources */ = {isa = PBXBuildFile; fileRef = 50868B6A205C06DE00C2F881 /* TestThreadViewController.m */; };
		5097342D204268CC00631D53 /* JHLocalDataManager.m in Sources */ = {isa = PBXBuildFile; fileRef = 5097342C204268CC00631D53 /* JHLocalDataManager.m */; };
		50B9ADBF2042F46800DD7DE4 /* libleveldb.a in Frameworks */ = {isa = PBXBuildFile; fileRef = 50B9ADBE2042F46800DD7DE4 /* libleveldb.a */; };
		50B9ADC22042F48700DD7DE4 /* LevelDB.mm in Sources */ = {isa = PBXBuildFile; fileRef = 50B9ADC12042F48700DD7DE4 /* LevelDB.mm */; };
		50B9ADD62042F96400DD7DE4 /* libmemenv.a in Frameworks */ = {isa = PBXBuildFile; fileRef = 50B9ADD52042F96400DD7DE4 /* libmemenv.a */; };
		50BFCD862130F62B001C7369 /* CrashViewController.m in Sources */ = {isa = PBXBuildFile; fileRef = 50BFCD852130F62B001C7369 /* CrashViewController.m */; };
		50BFCD9F21357FFB001C7369 /* NSArray+AvoidCrash.m in Sources */ = {isa = PBXBuildFile; fileRef = 50BFCD8821357FFB001C7369 /* NSArray+AvoidCrash.m */; };
		50BFCDA021357FFB001C7369 /* NSString+AvoidCrash.m in Sources */ = {isa = PBXBuildFile; fileRef = 50BFCD8A21357FFB001C7369 /* NSString+AvoidCrash.m */; };
		50BFCDA121357FFB001C7369 /* NSDictionary+AvoidCrash.m in Sources */ = {isa = PBXBuildFile; fileRef = 50BFCD8B21357FFB001C7369 /* NSDictionary+AvoidCrash.m */; };
		50BFCDA221357FFB001C7369 /* NSMutableDictionary+AvoidCrash.m in Sources */ = {isa = PBXBuildFile; fileRef = 50BFCD8E21357FFB001C7369 /* NSMutableDictionary+AvoidCrash.m */; };
		50BFCDA321357FFB001C7369 /* NSMutableString+AvoidCrash.m in Sources */ = {isa = PBXBuildFile; fileRef = 50BFCD9021357FFB001C7369 /* NSMutableString+AvoidCrash.m */; };
		50BFCDA421357FFB001C7369 /* NSObject+AvoidCrash.m in Sources */ = {isa = PBXBuildFile; fileRef = 50BFCD9121357FFB001C7369 /* NSObject+AvoidCrash.m */; };
		50BFCDA521357FFB001C7369 /* NSMutableArray+AvoidCrash.m in Sources */ = {isa = PBXBuildFile; fileRef = 50BFCD9221357FFB001C7369 /* NSMutableArray+AvoidCrash.m */; };
		50BFCDA621357FFB001C7369 /* NSMutableAttributedString+AvoidCrash.m in Sources */ = {isa = PBXBuildFile; fileRef = 50BFCD9321357FFB001C7369 /* NSMutableAttributedString+AvoidCrash.m */; };
		50BFCDA721357FFB001C7369 /* NSAttributedString+AvoidCrash.m in Sources */ = {isa = PBXBuildFile; fileRef = 50BFCD9421357FFB001C7369 /* NSAttributedString+AvoidCrash.m */; };
		50BFCDA821357FFB001C7369 /* AvoidCrash.m in Sources */ = {isa = PBXBuildFile; fileRef = 50BFCD9721357FFB001C7369 /* AvoidCrash.m */; };
		50BFCDA921357FFB001C7369 /* AvoidCrashStubProxy.m in Sources */ = {isa = PBXBuildFile; fileRef = 50BFCD9A21357FFB001C7369 /* AvoidCrashStubProxy.m */; };
		50C15DE820120EB600B36882 /* main.m in Sources */ = {isa = PBXBuildFile; fileRef = 50C15DE720120EB600B36882 /* main.m */; };
		50C15DF320120EB600B36882 /* Assets.xcassets in Resources */ = {isa = PBXBuildFile; fileRef = 50C15DF220120EB600B36882 /* Assets.xcassets */; };
		50C15DF620120EB600B36882 /* LaunchScreen.storyboard in Resources */ = {isa = PBXBuildFile; fileRef = 50C15DF420120EB600B36882 /* LaunchScreen.storyboard */; };
		50F2A6AD205E448B00FCC571 /* ListViewController.m in Sources */ = {isa = PBXBuildFile; fileRef = 50F2A6AC205E448B00FCC571 /* ListViewController.m */; };
		50F2A6B2205E6B2B00FCC571 /* YSCOperation.m in Sources */ = {isa = PBXBuildFile; fileRef = 50F2A6B0205E6B2B00FCC571 /* YSCOperation.m */; };
		50FA3A222119DB000094BFC0 /* CoreData.framework in Frameworks */ = {isa = PBXBuildFile; fileRef = 50FA3A212119DB000094BFC0 /* CoreData.framework */; };
		50FA3A4E211C5BC20094BFC0 /* CoreDataViewController.m in Sources */ = {isa = PBXBuildFile; fileRef = 50FA3A4D211C5BC20094BFC0 /* CoreDataViewController.m */; };
		50FA3A54211C5BDB0094BFC0 /* User.m in Sources */ = {isa = PBXBuildFile; fileRef = 50FA3A53211C5BDB0094BFC0 /* User.m */; };
		50FA3A57211C5BF20094BFC0 /* User+CoreDataProperties.m in Sources */ = {isa = PBXBuildFile; fileRef = 50FA3A56211C5BF20094BFC0 /* User+CoreDataProperties.m */; };
		50FA3A5D211C60B10094BFC0 /* Chat.xcdatamodeld in Sources */ = {isa = PBXBuildFile; fileRef = 50FA3A5B211C60B10094BFC0 /* Chat.xcdatamodeld */; };
		50FA3A60211ED9A50094BFC0 /* CoreDataManager.m in Sources */ = {isa = PBXBuildFile; fileRef = 50FA3A5F211ED9A50094BFC0 /* CoreDataManager.m */; };
		50FA3A66211EDE850094BFC0 /* CoreDataBaseViewController.m in Sources */ = {isa = PBXBuildFile; fileRef = 50FA3A65211EDE850094BFC0 /* CoreDataBaseViewController.m */; };
/* End PBXBuildFile section */

/* Begin PBXFileReference section */
		4597C3E796365A9AB2000F49 /* Pods-DT.debug.xcconfig */ = {isa = PBXFileReference; includeInIndex = 1; lastKnownFileType = text.xcconfig; name = "Pods-DT.debug.xcconfig"; path = "Pods/Target Support Files/Pods-DT/Pods-DT.debug.xcconfig"; sourceTree = "<group>"; };
		502D0D022029E40A00DA66BC /* AppDelegate.h */ = {isa = PBXFileReference; fileEncoding = 4; lastKnownFileType = sourcecode.c.h; path = AppDelegate.h; sourceTree = "<group>"; };
		502D0D032029E40A00DA66BC /* AppDelegate.m */ = {isa = PBXFileReference; fileEncoding = 4; lastKnownFileType = sourcecode.c.objc; path = AppDelegate.m; sourceTree = "<group>"; };
		50692761212EEAC800D9F800 /* DrawViewController.h */ = {isa = PBXFileReference; lastKnownFileType = sourcecode.c.h; path = DrawViewController.h; sourceTree = "<group>"; };
		50692762212EEAC800D9F800 /* DrawViewController.m */ = {isa = PBXFileReference; lastKnownFileType = sourcecode.c.objc; path = DrawViewController.m; sourceTree = "<group>"; };
		50692765212EEB4F00D9F800 /* DrwaView.h */ = {isa = PBXFileReference; lastKnownFileType = sourcecode.c.h; path = DrwaView.h; sourceTree = "<group>"; };
		50692766212EEB4F00D9F800 /* DrwaView.m */ = {isa = PBXFileReference; lastKnownFileType = sourcecode.c.objc; path = DrwaView.m; sourceTree = "<group>"; };
		50868B5D205C062600C2F881 /* TextModel.h */ = {isa = PBXFileReference; fileEncoding = 4; lastKnownFileType = sourcecode.c.h; path = TextModel.h; sourceTree = "<group>"; };
		50868B5E205C062600C2F881 /* TextModel.m */ = {isa = PBXFileReference; fileEncoding = 4; lastKnownFileType = sourcecode.c.objc; path = TextModel.m; sourceTree = "<group>"; };
		50868B61205C062600C2F881 /* TestViewController.h */ = {isa = PBXFileReference; fileEncoding = 4; lastKnownFileType = sourcecode.c.h; path = TestViewController.h; sourceTree = "<group>"; };
		50868B62205C062600C2F881 /* TestViewController.m */ = {isa = PBXFileReference; fileEncoding = 4; lastKnownFileType = sourcecode.c.objc; path = TestViewController.m; sourceTree = "<group>"; };
		50868B69205C06DE00C2F881 /* TestThreadViewController.h */ = {isa = PBXFileReference; fileEncoding = 4; lastKnownFileType = sourcecode.c.h; path = TestThreadViewController.h; sourceTree = "<group>"; };
		50868B6A205C06DE00C2F881 /* TestThreadViewController.m */ = {isa = PBXFileReference; fileEncoding = 4; lastKnownFileType = sourcecode.c.objc; path = TestThreadViewController.m; sourceTree = "<group>"; };
		5097342B204268CC00631D53 /* JHLocalDataManager.h */ = {isa = PBXFileReference; fileEncoding = 4; lastKnownFileType = sourcecode.c.h; path = JHLocalDataManager.h; sourceTree = "<group>"; };
		5097342C204268CC00631D53 /* JHLocalDataManager.m */ = {isa = PBXFileReference; fileEncoding = 4; lastKnownFileType = sourcecode.c.objc; path = JHLocalDataManager.m; sourceTree = "<group>"; };
		50B9ADBE2042F46800DD7DE4 /* libleveldb.a */ = {isa = PBXFileReference; lastKnownFileType = archive.ar; path = libleveldb.a; sourceTree = "<group>"; };
		50B9ADC02042F48700DD7DE4 /* LevelDB.h */ = {isa = PBXFileReference; fileEncoding = 4; lastKnownFileType = sourcecode.c.h; path = LevelDB.h; sourceTree = "<group>"; };
		50B9ADC12042F48700DD7DE4 /* LevelDB.mm */ = {isa = PBXFileReference; fileEncoding = 4; lastKnownFileType = sourcecode.cpp.objcpp; path = LevelDB.mm; sourceTree = "<group>"; };
		50B9ADC62042F62A00DD7DE4 /* c.h */ = {isa = PBXFileReference; fileEncoding = 4; lastKnownFileType = sourcecode.c.h; path = c.h; sourceTree = "<group>"; };
		50B9ADC72042F62A00DD7DE4 /* cache.h */ = {isa = PBXFileReference; fileEncoding = 4; lastKnownFileType = sourcecode.c.h; path = cache.h; sourceTree = "<group>"; };
		50B9ADC82042F62A00DD7DE4 /* comparator.h */ = {isa = PBXFileReference; fileEncoding = 4; lastKnownFileType = sourcecode.c.h; path = comparator.h; sourceTree = "<group>"; };
		50B9ADC92042F62A00DD7DE4 /* db.h */ = {isa = PBXFileReference; fileEncoding = 4; lastKnownFileType = sourcecode.c.h; path = db.h; sourceTree = "<group>"; };
		50B9ADCA2042F62A00DD7DE4 /* dumpfile.h */ = {isa = PBXFileReference; fileEncoding = 4; lastKnownFileType = sourcecode.c.h; path = dumpfile.h; sourceTree = "<group>"; };
		50B9ADCB2042F62A00DD7DE4 /* env.h */ = {isa = PBXFileReference; fileEncoding = 4; lastKnownFileType = sourcecode.c.h; path = env.h; sourceTree = "<group>"; };
		50B9ADCC2042F62A00DD7DE4 /* export.h */ = {isa = PBXFileReference; fileEncoding = 4; lastKnownFileType = sourcecode.c.h; path = export.h; sourceTree = "<group>"; };
		50B9ADCD2042F62A00DD7DE4 /* filter_policy.h */ = {isa = PBXFileReference; fileEncoding = 4; lastKnownFileType = sourcecode.c.h; path = filter_policy.h; sourceTree = "<group>"; };
		50B9ADCE2042F62A00DD7DE4 /* iterator.h */ = {isa = PBXFileReference; fileEncoding = 4; lastKnownFileType = sourcecode.c.h; path = iterator.h; sourceTree = "<group>"; };
		50B9ADCF2042F62A00DD7DE4 /* options.h */ = {isa = PBXFileReference; fileEncoding = 4; lastKnownFileType = sourcecode.c.h; path = options.h; sourceTree = "<group>"; };
		50B9ADD02042F62A00DD7DE4 /* slice.h */ = {isa = PBXFileReference; fileEncoding = 4; lastKnownFileType = sourcecode.c.h; path = slice.h; sourceTree = "<group>"; };
		50B9ADD12042F62A00DD7DE4 /* status.h */ = {isa = PBXFileReference; fileEncoding = 4; lastKnownFileType = sourcecode.c.h; path = status.h; sourceTree = "<group>"; };
		50B9ADD22042F62A00DD7DE4 /* table.h */ = {isa = PBXFileReference; fileEncoding = 4; lastKnownFileType = sourcecode.c.h; path = table.h; sourceTree = "<group>"; };
		50B9ADD32042F62A00DD7DE4 /* table_builder.h */ = {isa = PBXFileReference; fileEncoding = 4; lastKnownFileType = sourcecode.c.h; path = table_builder.h; sourceTree = "<group>"; };
		50B9ADD42042F62A00DD7DE4 /* write_batch.h */ = {isa = PBXFileReference; fileEncoding = 4; lastKnownFileType = sourcecode.c.h; path = write_batch.h; sourceTree = "<group>"; };
		50B9ADD52042F96400DD7DE4 /* libmemenv.a */ = {isa = PBXFileReference; lastKnownFileType = archive.ar; path = libmemenv.a; sourceTree = "<group>"; };
		50BFCD842130F62B001C7369 /* CrashViewController.h */ = {isa = PBXFileReference; lastKnownFileType = sourcecode.c.h; path = CrashViewController.h; sourceTree = "<group>"; };
		50BFCD852130F62B001C7369 /* CrashViewController.m */ = {isa = PBXFileReference; lastKnownFileType = sourcecode.c.objc; path = CrashViewController.m; sourceTree = "<group>"; };
		50BFCD8821357FFB001C7369 /* NSArray+AvoidCrash.m */ = {isa = PBXFileReference; fileEncoding = 4; lastKnownFileType = sourcecode.c.objc; path = "NSArray+AvoidCrash.m"; sourceTree = "<group>"; };
		50BFCD8921357FFB001C7369 /* AvoidCrash.h */ = {isa = PBXFileReference; fileEncoding = 4; lastKnownFileType = sourcecode.c.h; path = AvoidCrash.h; sourceTree = "<group>"; };
		50BFCD8A21357FFB001C7369 /* NSString+AvoidCrash.m */ = {isa = PBXFileReference; fileEncoding = 4; lastKnownFileType = sourcecode.c.objc; path = "NSString+AvoidCrash.m"; sourceTree = "<group>"; };
		50BFCD8B21357FFB001C7369 /* NSDictionary+AvoidCrash.m */ = {isa = PBXFileReference; fileEncoding = 4; lastKnownFileType = sourcecode.c.objc; path = "NSDictionary+AvoidCrash.m"; sourceTree = "<group>"; };
		50BFCD8C21357FFB001C7369 /* NSAttributedString+AvoidCrash.h */ = {isa = PBXFileReference; fileEncoding = 4; lastKnownFileType = sourcecode.c.h; path = "NSAttributedString+AvoidCrash.h"; sourceTree = "<group>"; };
		50BFCD8D21357FFB001C7369 /* AvoidCrashStubProxy.h */ = {isa = PBXFileReference; fileEncoding = 4; lastKnownFileType = sourcecode.c.h; path = AvoidCrashStubProxy.h; sourceTree = "<group>"; };
		50BFCD8E21357FFB001C7369 /* NSMutableDictionary+AvoidCrash.m */ = {isa = PBXFileReference; fileEncoding = 4; lastKnownFileType = sourcecode.c.objc; path = "NSMutableDictionary+AvoidCrash.m"; sourceTree = "<group>"; };
		50BFCD8F21357FFB001C7369 /* AvoidCrashProtocol.h */ = {isa = PBXFileReference; fileEncoding = 4; lastKnownFileType = sourcecode.c.h; path = AvoidCrashProtocol.h; sourceTree = "<group>"; };
		50BFCD9021357FFB001C7369 /* NSMutableString+AvoidCrash.m */ = {isa = PBXFileReference; fileEncoding = 4; lastKnownFileType = sourcecode.c.objc; path = "NSMutableString+AvoidCrash.m"; sourceTree = "<group>"; };
		50BFCD9121357FFB001C7369 /* NSObject+AvoidCrash.m */ = {isa = PBXFileReference; fileEncoding = 4; lastKnownFileType = sourcecode.c.objc; path = "NSObject+AvoidCrash.m"; sourceTree = "<group>"; };
		50BFCD9221357FFB001C7369 /* NSMutableArray+AvoidCrash.m */ = {isa = PBXFileReference; fileEncoding = 4; lastKnownFileType = sourcecode.c.objc; path = "NSMutableArray+AvoidCrash.m"; sourceTree = "<group>"; };
		50BFCD9321357FFB001C7369 /* NSMutableAttributedString+AvoidCrash.m */ = {isa = PBXFileReference; fileEncoding = 4; lastKnownFileType = sourcecode.c.objc; path = "NSMutableAttributedString+AvoidCrash.m"; sourceTree = "<group>"; };
		50BFCD9421357FFB001C7369 /* NSAttributedString+AvoidCrash.m */ = {isa = PBXFileReference; fileEncoding = 4; lastKnownFileType = sourcecode.c.objc; path = "NSAttributedString+AvoidCrash.m"; sourceTree = "<group>"; };
		50BFCD9521357FFB001C7369 /* NSDictionary+AvoidCrash.h */ = {isa = PBXFileReference; fileEncoding = 4; lastKnownFileType = sourcecode.c.h; path = "NSDictionary+AvoidCrash.h"; sourceTree = "<group>"; };
		50BFCD9621357FFB001C7369 /* NSString+AvoidCrash.h */ = {isa = PBXFileReference; fileEncoding = 4; lastKnownFileType = sourcecode.c.h; path = "NSString+AvoidCrash.h"; sourceTree = "<group>"; };
		50BFCD9721357FFB001C7369 /* AvoidCrash.m */ = {isa = PBXFileReference; fileEncoding = 4; lastKnownFileType = sourcecode.c.objc; path = AvoidCrash.m; sourceTree = "<group>"; };
		50BFCD9821357FFB001C7369 /* NSArray+AvoidCrash.h */ = {isa = PBXFileReference; fileEncoding = 4; lastKnownFileType = sourcecode.c.h; path = "NSArray+AvoidCrash.h"; sourceTree = "<group>"; };
		50BFCD9921357FFB001C7369 /* NSMutableDictionary+AvoidCrash.h */ = {isa = PBXFileReference; fileEncoding = 4; lastKnownFileType = sourcecode.c.h; path = "NSMutableDictionary+AvoidCrash.h"; sourceTree = "<group>"; };
		50BFCD9A21357FFB001C7369 /* AvoidCrashStubProxy.m */ = {isa = PBXFileReference; fileEncoding = 4; lastKnownFileType = sourcecode.c.objc; path = AvoidCrashStubProxy.m; sourceTree = "<group>"; };
		50BFCD9B21357FFB001C7369 /* NSObject+AvoidCrash.h */ = {isa = PBXFileReference; fileEncoding = 4; lastKnownFileType = sourcecode.c.h; path = "NSObject+AvoidCrash.h"; sourceTree = "<group>"; };
		50BFCD9C21357FFB001C7369 /* NSMutableString+AvoidCrash.h */ = {isa = PBXFileReference; fileEncoding = 4; lastKnownFileType = sourcecode.c.h; path = "NSMutableString+AvoidCrash.h"; sourceTree = "<group>"; };
		50BFCD9D21357FFB001C7369 /* NSMutableAttributedString+AvoidCrash.h */ = {isa = PBXFileReference; fileEncoding = 4; lastKnownFileType = sourcecode.c.h; path = "NSMutableAttributedString+AvoidCrash.h"; sourceTree = "<group>"; };
		50BFCD9E21357FFB001C7369 /* NSMutableArray+AvoidCrash.h */ = {isa = PBXFileReference; fileEncoding = 4; lastKnownFileType = sourcecode.c.h; path = "NSMutableArray+AvoidCrash.h"; sourceTree = "<group>"; };
		50C15DE320120EB600B36882 /* DT.app */ = {isa = PBXFileReference; explicitFileType = wrapper.application; includeInIndex = 0; path = DT.app; sourceTree = BUILT_PRODUCTS_DIR; };
		50C15DE720120EB600B36882 /* main.m */ = {isa = PBXFileReference; lastKnownFileType = sourcecode.c.objc; path = main.m; sourceTree = "<group>"; };
		50C15DF220120EB600B36882 /* Assets.xcassets */ = {isa = PBXFileReference; lastKnownFileType = folder.assetcatalog; name = Assets.xcassets; path = ../Assets.xcassets; sourceTree = "<group>"; };
		50C15DF520120EB600B36882 /* Base */ = {isa = PBXFileReference; lastKnownFileType = file.storyboard; name = Base; path = Base.lproj/LaunchScreen.storyboard; sourceTree = "<group>"; };
		50C15DF720120EB600B36882 /* Info.plist */ = {isa = PBXFileReference; lastKnownFileType = text.plist.xml; name = Info.plist; path = ../Info.plist; sourceTree = "<group>"; };
		50F2A6AB205E448B00FCC571 /* ListViewController.h */ = {isa = PBXFileReference; lastKnownFileType = sourcecode.c.h; path = ListViewController.h; sourceTree = "<group>"; };
		50F2A6AC205E448B00FCC571 /* ListViewController.m */ = {isa = PBXFileReference; lastKnownFileType = sourcecode.c.objc; path = ListViewController.m; sourceTree = "<group>"; };
		50F2A6AF205E459A00FCC571 /* PrefixHeader.h */ = {isa = PBXFileReference; fileEncoding = 4; lastKnownFileType = sourcecode.c.h; path = PrefixHeader.h; sourceTree = "<group>"; };
		50F2A6B0205E6B2B00FCC571 /* YSCOperation.m */ = {isa = PBXFileReference; fileEncoding = 4; lastKnownFileType = sourcecode.c.objc; path = YSCOperation.m; sourceTree = "<group>"; };
		50F2A6B1205E6B2B00FCC571 /* YSCOperation.h */ = {isa = PBXFileReference; fileEncoding = 4; lastKnownFileType = sourcecode.c.h; path = YSCOperation.h; sourceTree = "<group>"; };
		50FA3A212119DB000094BFC0 /* CoreData.framework */ = {isa = PBXFileReference; lastKnownFileType = wrapper.framework; name = CoreData.framework; path = System/Library/Frameworks/CoreData.framework; sourceTree = SDKROOT; };
		50FA3A4C211C5BC20094BFC0 /* CoreDataViewController.h */ = {isa = PBXFileReference; lastKnownFileType = sourcecode.c.h; path = CoreDataViewController.h; sourceTree = "<group>"; };
		50FA3A4D211C5BC20094BFC0 /* CoreDataViewController.m */ = {isa = PBXFileReference; lastKnownFileType = sourcecode.c.objc; path = CoreDataViewController.m; sourceTree = "<group>"; };
		50FA3A52211C5BDB0094BFC0 /* User.h */ = {isa = PBXFileReference; lastKnownFileType = sourcecode.c.h; path = User.h; sourceTree = "<group>"; };
		50FA3A53211C5BDB0094BFC0 /* User.m */ = {isa = PBXFileReference; lastKnownFileType = sourcecode.c.objc; path = User.m; sourceTree = "<group>"; };
		50FA3A55211C5BF20094BFC0 /* User+CoreDataProperties.h */ = {isa = PBXFileReference; lastKnownFileType = sourcecode.c.h; path = "User+CoreDataProperties.h"; sourceTree = "<group>"; };
		50FA3A56211C5BF20094BFC0 /* User+CoreDataProperties.m */ = {isa = PBXFileReference; lastKnownFileType = sourcecode.c.objc; path = "User+CoreDataProperties.m"; sourceTree = "<group>"; };
		50FA3A5C211C60B10094BFC0 /* Chat.xcdatamodel */ = {isa = PBXFileReference; lastKnownFileType = wrapper.xcdatamodel; path = Chat.xcdatamodel; sourceTree = "<group>"; };
		50FA3A5E211ED9A50094BFC0 /* CoreDataManager.h */ = {isa = PBXFileReference; lastKnownFileType = sourcecode.c.h; path = CoreDataManager.h; sourceTree = "<group>"; };
		50FA3A5F211ED9A50094BFC0 /* CoreDataManager.m */ = {isa = PBXFileReference; lastKnownFileType = sourcecode.c.objc; path = CoreDataManager.m; sourceTree = "<group>"; };
		50FA3A64211EDE850094BFC0 /* CoreDataBaseViewController.h */ = {isa = PBXFileReference; lastKnownFileType = sourcecode.c.h; path = CoreDataBaseViewController.h; sourceTree = "<group>"; };
		50FA3A65211EDE850094BFC0 /* CoreDataBaseViewController.m */ = {isa = PBXFileReference; lastKnownFileType = sourcecode.c.objc; path = CoreDataBaseViewController.m; sourceTree = "<group>"; };
		6FEABAF8ADADB44E191F415A /* libPods-DT.a */ = {isa = PBXFileReference; explicitFileType = archive.ar; includeInIndex = 0; path = "libPods-DT.a"; sourceTree = BUILT_PRODUCTS_DIR; };
		D61811CC0D798C9960345AC2 /* Pods-DT.release.xcconfig */ = {isa = PBXFileReference; includeInIndex = 1; lastKnownFileType = text.xcconfig; name = "Pods-DT.release.xcconfig"; path = "Pods/Target Support Files/Pods-DT/Pods-DT.release.xcconfig"; sourceTree = "<group>"; };
/* End PBXFileReference section */

/* Begin PBXFrameworksBuildPhase section */
		50C15DE020120EB600B36882 /* Frameworks */ = {
			isa = PBXFrameworksBuildPhase;
			buildActionMask = 2147483647;
			files = (
				50FA3A222119DB000094BFC0 /* CoreData.framework in Frameworks */,
				50B9ADBF2042F46800DD7DE4 /* libleveldb.a in Frameworks */,
				336D5FA881B335AB448E1E39 /* libPods-DT.a in Frameworks */,
				50B9ADD62042F96400DD7DE4 /* libmemenv.a in Frameworks */,
			);
			runOnlyForDeploymentPostprocessing = 0;
		};
/* End PBXFrameworksBuildPhase section */

/* Begin PBXGroup section */
		2211336ED7668F17BB5C7A95 /* Pods */ = {
			isa = PBXGroup;
			children = (
				4597C3E796365A9AB2000F49 /* Pods-DT.debug.xcconfig */,
				D61811CC0D798C9960345AC2 /* Pods-DT.release.xcconfig */,
			);
			name = Pods;
			sourceTree = "<group>";
		};
		502D0D012029E40A00DA66BC /* appLife */ = {
			isa = PBXGroup;
			children = (
				50C15DF420120EB600B36882 /* LaunchScreen.storyboard */,
				502D0D022029E40A00DA66BC /* AppDelegate.h */,
				502D0D032029E40A00DA66BC /* AppDelegate.m */,
			);
			path = appLife;
			sourceTree = "<group>";
		};
		502D0D052029E41100DA66BC /* thirdPart */ = {
			isa = PBXGroup;
			children = (
				50B9ADAD2042F46800DD7DE4 /* leveldb */,
			);
			path = thirdPart;
			sourceTree = "<group>";
		};
		502D0D062029E41E00DA66BC /* common */ = {
			isa = PBXGroup;
			children = (
				50FA3A232119DB1F0094BFC0 /* CoreData */,
				50F2A6AE205E452A00FCC571 /* Define */,
				5097342A204268AB00631D53 /* dataManager */,
			);
			path = common;
			sourceTree = "<group>";
		};
		502D0D072029E43B00DA66BC /* source */ = {
			isa = PBXGroup;
			children = (
				50C15DF720120EB600B36882 /* Info.plist */,
				50C15DF220120EB600B36882 /* Assets.xcassets */,
			);
			path = source;
			sourceTree = "<group>";
		};
		50692760212EEABD00D9F800 /* Draw */ = {
			isa = PBXGroup;
			children = (
				50692764212EEAED00D9F800 /* DrwaView */,
				50692761212EEAC800D9F800 /* DrawViewController.h */,
				50692762212EEAC800D9F800 /* DrawViewController.m */,
			);
			path = Draw;
			sourceTree = "<group>";
		};
		50692764212EEAED00D9F800 /* DrwaView */ = {
			isa = PBXGroup;
			children = (
				50692765212EEB4F00D9F800 /* DrwaView.h */,
				50692766212EEB4F00D9F800 /* DrwaView.m */,
			);
			path = DrwaView;
			sourceTree = "<group>";
		};
		50868B5B205C062600C2F881 /* BaseData */ = {
			isa = PBXGroup;
			children = (
				50868B5C205C062600C2F881 /* Model */,
				50868B5F205C062600C2F881 /* View */,
				50868B60205C062600C2F881 /* ViewController */,
			);
			path = BaseData;
			sourceTree = "<group>";
		};
		50868B5C205C062600C2F881 /* Model */ = {
			isa = PBXGroup;
			children = (
				50868B5D205C062600C2F881 /* TextModel.h */,
				50868B5E205C062600C2F881 /* TextModel.m */,
			);
			path = Model;
			sourceTree = "<group>";
		};
		50868B5F205C062600C2F881 /* View */ = {
			isa = PBXGroup;
			children = (
			);
			path = View;
			sourceTree = "<group>";
		};
		50868B60205C062600C2F881 /* ViewController */ = {
			isa = PBXGroup;
			children = (
				50868B61205C062600C2F881 /* TestViewController.h */,
				50868B62205C062600C2F881 /* TestViewController.m */,
			);
			path = ViewController;
			sourceTree = "<group>";
		};
		50868B65205C065E00C2F881 /* Thread */ = {
			isa = PBXGroup;
			children = (
				50868B66205C065E00C2F881 /* Model */,
				50868B67205C065E00C2F881 /* View */,
				50868B68205C065E00C2F881 /* ViewController */,
			);
			path = Thread;
			sourceTree = "<group>";
		};
		50868B66205C065E00C2F881 /* Model */ = {
			isa = PBXGroup;
			children = (
			);
			path = Model;
			sourceTree = "<group>";
		};
		50868B67205C065E00C2F881 /* View */ = {
			isa = PBXGroup;
			children = (
			);
			path = View;
			sourceTree = "<group>";
		};
		50868B68205C065E00C2F881 /* ViewController */ = {
			isa = PBXGroup;
			children = (
				50868B69205C06DE00C2F881 /* TestThreadViewController.h */,
				50868B6A205C06DE00C2F881 /* TestThreadViewController.m */,
				50F2A6B1205E6B2B00FCC571 /* YSCOperation.h */,
				50F2A6B0205E6B2B00FCC571 /* YSCOperation.m */,
			);
			path = ViewController;
			sourceTree = "<group>";
		};
		5097342A204268AB00631D53 /* dataManager */ = {
			isa = PBXGroup;
			children = (
				5097342B204268CC00631D53 /* JHLocalDataManager.h */,
				5097342C204268CC00631D53 /* JHLocalDataManager.m */,
				50B9ADC02042F48700DD7DE4 /* LevelDB.h */,
				50B9ADC12042F48700DD7DE4 /* LevelDB.mm */,
			);
			path = dataManager;
			sourceTree = "<group>";
		};
		5097342E2042876600631D53 /* test */ = {
			isa = PBXGroup;
			children = (
				50BFCD8721357FFB001C7369 /* AvoidCrash */,
				50BFCD832130F621001C7369 /* Crash */,
				50692760212EEABD00D9F800 /* Draw */,
				50F2A6AA205E448000FCC571 /* List */,
				50868B65205C065E00C2F881 /* Thread */,
				50868B5B205C062600C2F881 /* BaseData */,
			);
			path = test;
			sourceTree = "<group>";
		};
		50B9ADAD2042F46800DD7DE4 /* leveldb */ = {
			isa = PBXGroup;
			children = (
				50B9ADC52042F62A00DD7DE4 /* leveldb */,
				50B9ADBE2042F46800DD7DE4 /* libleveldb.a */,
				50B9ADD52042F96400DD7DE4 /* libmemenv.a */,
			);
			path = leveldb;
			sourceTree = "<group>";
		};
		50B9ADC52042F62A00DD7DE4 /* leveldb */ = {
			isa = PBXGroup;
			children = (
				50B9ADC62042F62A00DD7DE4 /* c.h */,
				50B9ADC72042F62A00DD7DE4 /* cache.h */,
				50B9ADC82042F62A00DD7DE4 /* comparator.h */,
				50B9ADC92042F62A00DD7DE4 /* db.h */,
				50B9ADCA2042F62A00DD7DE4 /* dumpfile.h */,
				50B9ADCB2042F62A00DD7DE4 /* env.h */,
				50B9ADCC2042F62A00DD7DE4 /* export.h */,
				50B9ADCD2042F62A00DD7DE4 /* filter_policy.h */,
				50B9ADCE2042F62A00DD7DE4 /* iterator.h */,
				50B9ADCF2042F62A00DD7DE4 /* options.h */,
				50B9ADD02042F62A00DD7DE4 /* slice.h */,
				50B9ADD12042F62A00DD7DE4 /* status.h */,
				50B9ADD22042F62A00DD7DE4 /* table.h */,
				50B9ADD32042F62A00DD7DE4 /* table_builder.h */,
				50B9ADD42042F62A00DD7DE4 /* write_batch.h */,
			);
			path = leveldb;
			sourceTree = "<group>";
		};
		50BFCD832130F621001C7369 /* Crash */ = {
			isa = PBXGroup;
			children = (
				50BFCD842130F62B001C7369 /* CrashViewController.h */,
				50BFCD852130F62B001C7369 /* CrashViewController.m */,
			);
			path = Crash;
			sourceTree = "<group>";
		};
		50BFCD8721357FFB001C7369 /* AvoidCrash */ = {
			isa = PBXGroup;
			children = (
				50BFCD8821357FFB001C7369 /* NSArray+AvoidCrash.m */,
				50BFCD8921357FFB001C7369 /* AvoidCrash.h */,
				50BFCD8A21357FFB001C7369 /* NSString+AvoidCrash.m */,
				50BFCD8B21357FFB001C7369 /* NSDictionary+AvoidCrash.m */,
				50BFCD8C21357FFB001C7369 /* NSAttributedString+AvoidCrash.h */,
				50BFCD8D21357FFB001C7369 /* AvoidCrashStubProxy.h */,
				50BFCD8E21357FFB001C7369 /* NSMutableDictionary+AvoidCrash.m */,
				50BFCD8F21357FFB001C7369 /* AvoidCrashProtocol.h */,
				50BFCD9021357FFB001C7369 /* NSMutableString+AvoidCrash.m */,
				50BFCD9121357FFB001C7369 /* NSObject+AvoidCrash.m */,
				50BFCD9221357FFB001C7369 /* NSMutableArray+AvoidCrash.m */,
				50BFCD9321357FFB001C7369 /* NSMutableAttributedString+AvoidCrash.m */,
				50BFCD9421357FFB001C7369 /* NSAttributedString+AvoidCrash.m */,
				50BFCD9521357FFB001C7369 /* NSDictionary+AvoidCrash.h */,
				50BFCD9621357FFB001C7369 /* NSString+AvoidCrash.h */,
				50BFCD9721357FFB001C7369 /* AvoidCrash.m */,
				50BFCD9821357FFB001C7369 /* NSArray+AvoidCrash.h */,
				50BFCD9921357FFB001C7369 /* NSMutableDictionary+AvoidCrash.h */,
				50BFCD9A21357FFB001C7369 /* AvoidCrashStubProxy.m */,
				50BFCD9B21357FFB001C7369 /* NSObject+AvoidCrash.h */,
				50BFCD9C21357FFB001C7369 /* NSMutableString+AvoidCrash.h */,
				50BFCD9D21357FFB001C7369 /* NSMutableAttributedString+AvoidCrash.h */,
				50BFCD9E21357FFB001C7369 /* NSMutableArray+AvoidCrash.h */,
			);
			path = AvoidCrash;
			sourceTree = "<group>";
		};
		50C15DDA20120EB600B36882 = {
			isa = PBXGroup;
			children = (
				50C15DE520120EB600B36882 /* DT */,
				50C15DE420120EB600B36882 /* Products */,
				2211336ED7668F17BB5C7A95 /* Pods */,
				ED82E4B390D83598391F3ED4 /* Frameworks */,
			);
			sourceTree = "<group>";
		};
		50C15DE420120EB600B36882 /* Products */ = {
			isa = PBXGroup;
			children = (
				50C15DE320120EB600B36882 /* DT.app */,
			);
			name = Products;
			sourceTree = "<group>";
		};
		50C15DE520120EB600B36882 /* DT */ = {
			isa = PBXGroup;
			children = (
				5097342E2042876600631D53 /* test */,
				502D0D062029E41E00DA66BC /* common */,
				502D0D052029E41100DA66BC /* thirdPart */,
				502D0D072029E43B00DA66BC /* source */,
				502D0D012029E40A00DA66BC /* appLife */,
				50C15DE620120EB600B36882 /* Supporting Files */,
			);
			path = DT;
			sourceTree = "<group>";
		};
		50C15DE620120EB600B36882 /* Supporting Files */ = {
			isa = PBXGroup;
			children = (
				50C15DE720120EB600B36882 /* main.m */,
			);
			name = "Supporting Files";
			sourceTree = "<group>";
		};
		50F2A6AA205E448000FCC571 /* List */ = {
			isa = PBXGroup;
			children = (
				50F2A6AB205E448B00FCC571 /* ListViewController.h */,
				50F2A6AC205E448B00FCC571 /* ListViewController.m */,
			);
			path = List;
			sourceTree = "<group>";
		};
		50F2A6AE205E452A00FCC571 /* Define */ = {
			isa = PBXGroup;
			children = (
				50F2A6AF205E459A00FCC571 /* PrefixHeader.h */,
			);
			path = Define;
			sourceTree = "<group>";
		};
		50FA3A232119DB1F0094BFC0 /* CoreData */ = {
			isa = PBXGroup;
			children = (
				50FA3A4C211C5BC20094BFC0 /* CoreDataViewController.h */,
				50FA3A4D211C5BC20094BFC0 /* CoreDataViewController.m */,
				50FA3A52211C5BDB0094BFC0 /* User.h */,
				50FA3A53211C5BDB0094BFC0 /* User.m */,
				50FA3A55211C5BF20094BFC0 /* User+CoreDataProperties.h */,
				50FA3A56211C5BF20094BFC0 /* User+CoreDataProperties.m */,
				50FA3A5B211C60B10094BFC0 /* Chat.xcdatamodeld */,
				50FA3A5E211ED9A50094BFC0 /* CoreDataManager.h */,
				50FA3A5F211ED9A50094BFC0 /* CoreDataManager.m */,
				50FA3A64211EDE850094BFC0 /* CoreDataBaseViewController.h */,
				50FA3A65211EDE850094BFC0 /* CoreDataBaseViewController.m */,
			);
			path = CoreData;
			sourceTree = "<group>";
		};
		ED82E4B390D83598391F3ED4 /* Frameworks */ = {
			isa = PBXGroup;
			children = (
				50FA3A212119DB000094BFC0 /* CoreData.framework */,
				6FEABAF8ADADB44E191F415A /* libPods-DT.a */,
			);
			name = Frameworks;
			sourceTree = "<group>";
		};
/* End PBXGroup section */

/* Begin PBXNativeTarget section */
		50C15DE220120EB600B36882 /* DT */ = {
			isa = PBXNativeTarget;
			buildConfigurationList = 50C15DFA20120EB600B36882 /* Build configuration list for PBXNativeTarget "DT" */;
			buildPhases = (
				53428A3A8D09621AFE3935AF /* [CP] Check Pods Manifest.lock */,
				50C15DDF20120EB600B36882 /* Sources */,
				50C15DE020120EB600B36882 /* Frameworks */,
				50C15DE120120EB600B36882 /* Resources */,
				8B5A6D8A018F11BCCA73FE11 /* [CP] Embed Pods Frameworks */,
				5E5140BCE07EDA7641D8BB41 /* [CP] Copy Pods Resources */,
			);
			buildRules = (
			);
			dependencies = (
			);
			name = DT;
			productName = DT;
			productReference = 50C15DE320120EB600B36882 /* DT.app */;
			productType = "com.apple.product-type.application";
		};
/* End PBXNativeTarget section */

/* Begin PBXProject section */
		50C15DDB20120EB600B36882 /* Project object */ = {
			isa = PBXProject;
			attributes = {
				LastUpgradeCheck = 0820;
				ORGANIZATIONNAME = tao;
				TargetAttributes = {
					50C15DE220120EB600B36882 = {
						CreatedOnToolsVersion = 8.2.1;
						DevelopmentTeam = 2V3FSK4L7V;
						ProvisioningStyle = Automatic;
					};
				};
			};
			buildConfigurationList = 50C15DDE20120EB600B36882 /* Build configuration list for PBXProject "DT" */;
			compatibilityVersion = "Xcode 3.2";
			developmentRegion = English;
			hasScannedForEncodings = 0;
			knownRegions = (
				en,
				Base,
			);
			mainGroup = 50C15DDA20120EB600B36882;
			productRefGroup = 50C15DE420120EB600B36882 /* Products */;
			projectDirPath = "";
			projectRoot = "";
			targets = (
				50C15DE220120EB600B36882 /* DT */,
			);
		};
/* End PBXProject section */

/* Begin PBXResourcesBuildPhase section */
		50C15DE120120EB600B36882 /* Resources */ = {
			isa = PBXResourcesBuildPhase;
			buildActionMask = 2147483647;
			files = (
				50C15DF620120EB600B36882 /* LaunchScreen.storyboard in Resources */,
				50C15DF320120EB600B36882 /* Assets.xcassets in Resources */,
			);
			runOnlyForDeploymentPostprocessing = 0;
		};
/* End PBXResourcesBuildPhase section */

/* Begin PBXShellScriptBuildPhase section */
		53428A3A8D09621AFE3935AF /* [CP] Check Pods Manifest.lock */ = {
			isa = PBXShellScriptBuildPhase;
			buildActionMask = 2147483647;
			files = (
			);
			inputPaths = (
			);
			name = "[CP] Check Pods Manifest.lock";
			outputPaths = (
			);
			runOnlyForDeploymentPostprocessing = 0;
			shellPath = /bin/sh;
			shellScript = "diff \"${PODS_ROOT}/../Podfile.lock\" \"${PODS_ROOT}/Manifest.lock\" > /dev/null\nif [ $? != 0 ] ; then\n    # print error to STDERR\n    echo \"error: The sandbox is not in sync with the Podfile.lock. Run 'pod install' or update your CocoaPods installation.\" >&2\n    exit 1\nfi\n";
			showEnvVarsInLog = 0;
		};
		5E5140BCE07EDA7641D8BB41 /* [CP] Copy Pods Resources */ = {
			isa = PBXShellScriptBuildPhase;
			buildActionMask = 2147483647;
			files = (
			);
			inputPaths = (
			);
			name = "[CP] Copy Pods Resources";
			outputPaths = (
			);
			runOnlyForDeploymentPostprocessing = 0;
			shellPath = /bin/sh;
			shellScript = "\"${SRCROOT}/Pods/Target Support Files/Pods-DT/Pods-DT-resources.sh\"\n";
			showEnvVarsInLog = 0;
		};
		8B5A6D8A018F11BCCA73FE11 /* [CP] Embed Pods Frameworks */ = {
			isa = PBXShellScriptBuildPhase;
			buildActionMask = 2147483647;
			files = (
			);
			inputPaths = (
			);
			name = "[CP] Embed Pods Frameworks";
			outputPaths = (
			);
			runOnlyForDeploymentPostprocessing = 0;
			shellPath = /bin/sh;
			shellScript = "\"${SRCROOT}/Pods/Target Support Files/Pods-DT/Pods-DT-frameworks.sh\"\n";
			showEnvVarsInLog = 0;
		};
/* End PBXShellScriptBuildPhase section */

/* Begin PBXSourcesBuildPhase section */
		50C15DDF20120EB600B36882 /* Sources */ = {
			isa = PBXSourcesBuildPhase;
			buildActionMask = 2147483647;
			files = (
				50BFCDA721357FFB001C7369 /* NSAttributedString+AvoidCrash.m in Sources */,
				50F2A6B2205E6B2B00FCC571 /* YSCOperation.m in Sources */,
				50BFCDA321357FFB001C7369 /* NSMutableString+AvoidCrash.m in Sources */,
				50FA3A66211EDE850094BFC0 /* CoreDataBaseViewController.m in Sources */,
				50BFCD862130F62B001C7369 /* CrashViewController.m in Sources */,
				50868B64205C062600C2F881 /* TestViewController.m in Sources */,
				5097342D204268CC00631D53 /* JHLocalDataManager.m in Sources */,
				50F2A6AD205E448B00FCC571 /* ListViewController.m in Sources */,
				50868B6B205C06DE00C2F881 /* TestThreadViewController.m in Sources */,
				50FA3A57211C5BF20094BFC0 /* User+CoreDataProperties.m in Sources */,
				50C15DE820120EB600B36882 /* main.m in Sources */,
				50BFCDA621357FFB001C7369 /* NSMutableAttributedString+AvoidCrash.m in Sources */,
				50868B63205C062600C2F881 /* TextModel.m in Sources */,
				50BFCDA221357FFB001C7369 /* NSMutableDictionary+AvoidCrash.m in Sources */,
				50BFCDA521357FFB001C7369 /* NSMutableArray+AvoidCrash.m in Sources */,
				50FA3A60211ED9A50094BFC0 /* CoreDataManager.m in Sources */,
				50BFCDA021357FFB001C7369 /* NSString+AvoidCrash.m in Sources */,
				50BFCD9F21357FFB001C7369 /* NSArray+AvoidCrash.m in Sources */,
				50FA3A54211C5BDB0094BFC0 /* User.m in Sources */,
				50BFCDA921357FFB001C7369 /* AvoidCrashStubProxy.m in Sources */,
				50BFCDA821357FFB001C7369 /* AvoidCrash.m in Sources */,
				50B9ADC22042F48700DD7DE4 /* LevelDB.mm in Sources */,
				50692763212EEAC800D9F800 /* DrawViewController.m in Sources */,
				50FA3A4E211C5BC20094BFC0 /* CoreDataViewController.m in Sources */,
				50692767212EEB4F00D9F800 /* DrwaView.m in Sources */,
				50BFCDA121357FFB001C7369 /* NSDictionary+AvoidCrash.m in Sources */,
				502D0D042029E40A00DA66BC /* AppDelegate.m in Sources */,
				50FA3A5D211C60B10094BFC0 /* Chat.xcdatamodeld in Sources */,
				50BFCDA421357FFB001C7369 /* NSObject+AvoidCrash.m in Sources */,
			);
			runOnlyForDeploymentPostprocessing = 0;
		};
/* End PBXSourcesBuildPhase section */

/* Begin PBXVariantGroup section */
		50C15DF420120EB600B36882 /* LaunchScreen.storyboard */ = {
			isa = PBXVariantGroup;
			children = (
				50C15DF520120EB600B36882 /* Base */,
			);
			name = LaunchScreen.storyboard;
			path = ..;
			sourceTree = "<group>";
		};
/* End PBXVariantGroup section */

/* Begin XCBuildConfiguration section */
		50C15DF820120EB600B36882 /* Debug */ = {
			isa = XCBuildConfiguration;
			buildSettings = {
				ALWAYS_SEARCH_USER_PATHS = NO;
				CLANG_ANALYZER_NONNULL = YES;
				CLANG_CXX_LANGUAGE_STANDARD = "gnu++0x";
				CLANG_CXX_LIBRARY = "libc++";
				CLANG_ENABLE_MODULES = YES;
				CLANG_ENABLE_OBJC_ARC = YES;
				CLANG_WARN_BOOL_CONVERSION = YES;
				CLANG_WARN_CONSTANT_CONVERSION = YES;
				CLANG_WARN_DIRECT_OBJC_ISA_USAGE = YES_ERROR;
				CLANG_WARN_DOCUMENTATION_COMMENTS = YES;
				CLANG_WARN_EMPTY_BODY = YES;
				CLANG_WARN_ENUM_CONVERSION = YES;
				CLANG_WARN_INFINITE_RECURSION = YES;
				CLANG_WARN_INT_CONVERSION = YES;
				CLANG_WARN_OBJC_ROOT_CLASS = YES_ERROR;
				CLANG_WARN_SUSPICIOUS_MOVE = YES;
				CLANG_WARN_UNREACHABLE_CODE = YES;
				CLANG_WARN__DUPLICATE_METHOD_MATCH = YES;
				"CODE_SIGN_IDENTITY[sdk=iphoneos*]" = "iPhone Developer";
				COPY_PHASE_STRIP = NO;
				DEBUG_INFORMATION_FORMAT = dwarf;
				ENABLE_STRICT_OBJC_MSGSEND = YES;
				ENABLE_TESTABILITY = YES;
				GCC_C_LANGUAGE_STANDARD = gnu99;
				GCC_DYNAMIC_NO_PIC = NO;
				GCC_NO_COMMON_BLOCKS = YES;
				GCC_OPTIMIZATION_LEVEL = 0;
				GCC_PREPROCESSOR_DEFINITIONS = (
					"DEBUG=1",
					"$(inherited)",
				);
				GCC_WARN_64_TO_32_BIT_CONVERSION = YES;
				GCC_WARN_ABOUT_RETURN_TYPE = YES_ERROR;
				GCC_WARN_UNDECLARED_SELECTOR = YES;
				GCC_WARN_UNINITIALIZED_AUTOS = YES_AGGRESSIVE;
				GCC_WARN_UNUSED_FUNCTION = YES;
				GCC_WARN_UNUSED_VARIABLE = YES;
				IPHONEOS_DEPLOYMENT_TARGET = 10.2;
				MTL_ENABLE_DEBUG_INFO = YES;
				ONLY_ACTIVE_ARCH = YES;
				SDKROOT = iphoneos;
				TARGETED_DEVICE_FAMILY = "1,2";
			};
			name = Debug;
		};
		50C15DF920120EB600B36882 /* Release */ = {
			isa = XCBuildConfiguration;
			buildSettings = {
				ALWAYS_SEARCH_USER_PATHS = NO;
				CLANG_ANALYZER_NONNULL = YES;
				CLANG_CXX_LANGUAGE_STANDARD = "gnu++0x";
				CLANG_CXX_LIBRARY = "libc++";
				CLANG_ENABLE_MODULES = YES;
				CLANG_ENABLE_OBJC_ARC = YES;
				CLANG_WARN_BOOL_CONVERSION = YES;
				CLANG_WARN_CONSTANT_CONVERSION = YES;
				CLANG_WARN_DIRECT_OBJC_ISA_USAGE = YES_ERROR;
				CLANG_WARN_DOCUMENTATION_COMMENTS = YES;
				CLANG_WARN_EMPTY_BODY = YES;
				CLANG_WARN_ENUM_CONVERSION = YES;
				CLANG_WARN_INFINITE_RECURSION = YES;
				CLANG_WARN_INT_CONVERSION = YES;
				CLANG_WARN_OBJC_ROOT_CLASS = YES_ERROR;
				CLANG_WARN_SUSPICIOUS_MOVE = YES;
				CLANG_WARN_UNREACHABLE_CODE = YES;
				CLANG_WARN__DUPLICATE_METHOD_MATCH = YES;
				"CODE_SIGN_IDENTITY[sdk=iphoneos*]" = "iPhone Developer";
				COPY_PHASE_STRIP = NO;
				DEBUG_INFORMATION_FORMAT = "dwarf-with-dsym";
				ENABLE_NS_ASSERTIONS = NO;
				ENABLE_STRICT_OBJC_MSGSEND = YES;
				GCC_C_LANGUAGE_STANDARD = gnu99;
				GCC_NO_COMMON_BLOCKS = YES;
				GCC_WARN_64_TO_32_BIT_CONVERSION = YES;
				GCC_WARN_ABOUT_RETURN_TYPE = YES_ERROR;
				GCC_WARN_UNDECLARED_SELECTOR = YES;
				GCC_WARN_UNINITIALIZED_AUTOS = YES_AGGRESSIVE;
				GCC_WARN_UNUSED_FUNCTION = YES;
				GCC_WARN_UNUSED_VARIABLE = YES;
				IPHONEOS_DEPLOYMENT_TARGET = 10.2;
				MTL_ENABLE_DEBUG_INFO = NO;
				SDKROOT = iphoneos;
				TARGETED_DEVICE_FAMILY = "1,2";
				VALIDATE_PRODUCT = YES;
			};
			name = Release;
		};
		50C15DFB20120EB600B36882 /* Debug */ = {
			isa = XCBuildConfiguration;
			baseConfigurationReference = 4597C3E796365A9AB2000F49 /* Pods-DT.debug.xcconfig */;
			buildSettings = {
				ASSETCATALOG_COMPILER_APPICON_NAME = AppIcon;
				DEBUG_INFORMATION_FORMAT = "dwarf-with-dsym";
				DEVELOPMENT_TEAM = 2V3FSK4L7V;
				ENABLE_BITCODE = NO;
				GCC_PREFIX_HEADER = DT/common/Define/PrefixHeader.h;
				INFOPLIST_FILE = DT/Info.plist;
				IPHONEOS_DEPLOYMENT_TARGET = 9.0;
				LD_RUNPATH_SEARCH_PATHS = "$(inherited) @executable_path/Frameworks";
				LIBRARY_SEARCH_PATHS = (
					"$(inherited)",
					"$(PROJECT_DIR)/DT/thirdPart/leveldb",
				);
				PRODUCT_BUNDLE_IDENTIFIER = cn.lqtec.www.DTJ;
				PRODUCT_NAME = "$(TARGET_NAME)";
			};
			name = Debug;
		};
		50C15DFC20120EB600B36882 /* Release */ = {
			isa = XCBuildConfiguration;
			baseConfigurationReference = D61811CC0D798C9960345AC2 /* Pods-DT.release.xcconfig */;
			buildSettings = {
				ASSETCATALOG_COMPILER_APPICON_NAME = AppIcon;
				DEBUG_INFORMATION_FORMAT = "dwarf-with-dsym";
				DEVELOPMENT_TEAM = 2V3FSK4L7V;
				ENABLE_BITCODE = NO;
				GCC_PREFIX_HEADER = DT/common/Define/PrefixHeader.h;
				INFOPLIST_FILE = DT/Info.plist;
				IPHONEOS_DEPLOYMENT_TARGET = 9.0;
				LD_RUNPATH_SEARCH_PATHS = "$(inherited) @executable_path/Frameworks";
				LIBRARY_SEARCH_PATHS = (
					"$(inherited)",
					"$(PROJECT_DIR)/DT/thirdPart/leveldb",
				);
				PRODUCT_BUNDLE_IDENTIFIER = cn.lqtec.www.DTJ;
				PRODUCT_NAME = "$(TARGET_NAME)";
			};
			name = Release;
		};
/* End XCBuildConfiguration section */

/* Begin XCConfigurationList section */
		50C15DDE20120EB600B36882 /* Build configuration list for PBXProject "DT" */ = {
			isa = XCConfigurationList;
			buildConfigurations = (
				50C15DF820120EB600B36882 /* Debug */,
				50C15DF920120EB600B36882 /* Release */,
			);
			defaultConfigurationIsVisible = 0;
			defaultConfigurationName = Release;
		};
		50C15DFA20120EB600B36882 /* Build configuration list for PBXNativeTarget "DT" */ = {
			isa = XCConfigurationList;
			buildConfigurations = (
				50C15DFB20120EB600B36882 /* Debug */,
				50C15DFC20120EB600B36882 /* Release */,
			);
			defaultConfigurationIsVisible = 0;
			defaultConfigurationName = Release;
		};
/* End XCConfigurationList section */

/* Begin XCVersionGroup section */
		50FA3A5B211C60B10094BFC0 /* Chat.xcdatamodeld */ = {
			isa = XCVersionGroup;
			children = (
				50FA3A5C211C60B10094BFC0 /* Chat.xcdatamodel */,
			);
			currentVersion = 50FA3A5C211C60B10094BFC0 /* Chat.xcdatamodel */;
			path = Chat.xcdatamodeld;
			sourceTree = "<group>";
			versionGroupType = wrapper.xcdatamodel;
		};
/* End XCVersionGroup section */
	};
	rootObject = 50C15DDB20120EB600B36882 /* Project object */;
}
